// !$*UTF8*$!
{
	archiveVersion = 1;
	classes = {
	};
	objectVersion = 46;
	objects = {

/* Begin PBXBuildFile section */
		5FF797441CC4C7C100E59206 /* main.cpp in Sources */ = {isa = PBXBuildFile; fileRef = 5FF797431CC4C7C100E59206 /* main.cpp */; };
		5FF797571CC4CA1900E59206 /* ccc_shap.cpp in Sources */ = {isa = PBXBuildFile; fileRef = 5FF797521CC4CA1900E59206 /* ccc_shap.cpp */; };
		5FF797581CC4CA1900E59206 /* ccc_x11.cpp in Sources */ = {isa = PBXBuildFile; fileRef = 5FF797551CC4CA1900E59206 /* ccc_x11.cpp */; };
/* End PBXBuildFile section */

/* Begin PBXCopyFilesBuildPhase section */
		5FF7973E1CC4C7C100E59206 /* CopyFiles */ = {
			isa = PBXCopyFilesBuildPhase;
			buildActionMask = 2147483647;
			dstPath = /usr/share/man/man1/;
			dstSubfolderSpec = 0;
			files = (
			);
			runOnlyForDeploymentPostprocessing = 1;
		};
/* End PBXCopyFilesBuildPhase section */

/* Begin PBXFileReference section */
		5FF797401CC4C7C100E59206 /* Graphical */ = {isa = PBXFileReference; explicitFileType = "compiled.mach-o.executable"; includeInIndex = 0; path = Graphical; sourceTree = BUILT_PRODUCTS_DIR; };
		5FF797431CC4C7C100E59206 /* main.cpp */ = {isa = PBXFileReference; lastKnownFileType = sourcecode.cpp.cpp; path = main.cpp; sourceTree = "<group>"; };
		5FF797521CC4CA1900E59206 /* ccc_shap.cpp */ = {isa = PBXFileReference; fileEncoding = 4; lastKnownFileType = sourcecode.cpp.cpp; path = ccc_shap.cpp; sourceTree = "<group>"; };
		5FF797531CC4CA1900E59206 /* ccc_shap.h */ = {isa = PBXFileReference; fileEncoding = 4; lastKnownFileType = sourcecode.c.h; path = ccc_shap.h; sourceTree = "<group>"; };
		5FF797541CC4CA1900E59206 /* ccc_win.h */ = {isa = PBXFileReference; fileEncoding = 4; lastKnownFileType = sourcecode.c.h; path = ccc_win.h; sourceTree = "<group>"; };
		5FF797551CC4CA1900E59206 /* ccc_x11.cpp */ = {isa = PBXFileReference; fileEncoding = 4; lastKnownFileType = sourcecode.cpp.cpp; path = ccc_x11.cpp; sourceTree = "<group>"; };
		5FF797561CC4CA1900E59206 /* ccc_x11.h */ = {isa = PBXFileReference; fileEncoding = 4; lastKnownFileType = sourcecode.c.h; path = ccc_x11.h; sourceTree = "<group>"; };
		5FF797591CC4CA3000E59206 /* lib */ = {isa = PBXFileReference; lastKnownFileType = folder; name = lib; path = ../../../../../opt/X11/lib; sourceTree = "<group>"; };
/* End PBXFileReference section */

/* Begin PBXFrameworksBuildPhase section */
		5FF7973D1CC4C7C100E59206 /* Frameworks */ = {
			isa = PBXFrameworksBuildPhase;
			buildActionMask = 2147483647;
			files = (
			);
			runOnlyForDeploymentPostprocessing = 0;
		};
/* End PBXFrameworksBuildPhase section */

/* Begin PBXGroup section */
		5FF797371CC4C7C100E59206 = {
			isa = PBXGroup;
			children = (
				5FF797421CC4C7C100E59206 /* Graphical */,
				5FF797411CC4C7C100E59206 /* Products */,
			);
			sourceTree = "<group>";
		};
		5FF797411CC4C7C100E59206 /* Products */ = {
			isa = PBXGroup;
			children = (
				5FF797401CC4C7C100E59206 /* Graphical */,
			);
			name = Products;
			sourceTree = "<group>";
		};
		5FF797421CC4C7C100E59206 /* Graphical */ = {
			isa = PBXGroup;
			children = (
				5FF797591CC4CA3000E59206 /* lib */,
				5FF797521CC4CA1900E59206 /* ccc_shap.cpp */,
				5FF797531CC4CA1900E59206 /* ccc_shap.h */,
				5FF797541CC4CA1900E59206 /* ccc_win.h */,
				5FF797551CC4CA1900E59206 /* ccc_x11.cpp */,
				5FF797561CC4CA1900E59206 /* ccc_x11.h */,
				5FF797431CC4C7C100E59206 /* main.cpp */,
			);
			path = Graphical;
			sourceTree = "<group>";
		};
/* End PBXGroup section */

/* Begin PBXNativeTarget section */
		5FF7973F1CC4C7C100E59206 /* Graphical */ = {
			isa = PBXNativeTarget;
			buildConfigurationList = 5FF797471CC4C7C100E59206 /* Build configuration list for PBXNativeTarget "Graphical" */;
			buildPhases = (
				5FF7973C1CC4C7C100E59206 /* Sources */,
				5FF7973D1CC4C7C100E59206 /* Frameworks */,
				5FF7973E1CC4C7C100E59206 /* CopyFiles */,
			);
			buildRules = (
			);
			dependencies = (
			);
			name = Graphical;
			productName = Graphical;
			productReference = 5FF797401CC4C7C100E59206 /* Graphical */;
			productType = "com.apple.product-type.tool";
		};
/* End PBXNativeTarget section */

/* Begin PBXProject section */
		5FF797381CC4C7C100E59206 /* Project object */ = {
			isa = PBXProject;
			attributes = {
				LastUpgradeCheck = 0730;
				ORGANIZATIONNAME = "Jackson Kearl";
				TargetAttributes = {
					5FF7973F1CC4C7C100E59206 = {
						CreatedOnToolsVersion = 7.3;
					};
				};
			};
			buildConfigurationList = 5FF7973B1CC4C7C100E59206 /* Build configuration list for PBXProject "Graphical" */;
			compatibilityVersion = "Xcode 3.2";
			developmentRegion = English;
			hasScannedForEncodings = 0;
			knownRegions = (
				en,
			);
			mainGroup = 5FF797371CC4C7C100E59206;
			productRefGroup = 5FF797411CC4C7C100E59206 /* Products */;
			projectDirPath = "";
			projectRoot = "";
			targets = (
				5FF7973F1CC4C7C100E59206 /* Graphical */,
			);
		};
/* End PBXProject section */

/* Begin PBXSourcesBuildPhase section */
		5FF7973C1CC4C7C100E59206 /* Sources */ = {
			isa = PBXSourcesBuildPhase;
			buildActionMask = 2147483647;
			files = (
				5FF797441CC4C7C100E59206 /* main.cpp in Sources */,
				5FF797581CC4CA1900E59206 /* ccc_x11.cpp in Sources */,
				5FF797571CC4CA1900E59206 /* ccc_shap.cpp in Sources */,
			);
			runOnlyForDeploymentPostprocessing = 0;
		};
/* End PBXSourcesBuildPhase section */

/* Begin XCBuildConfiguration section */
		5FF797451CC4C7C100E59206 /* Debug */ = {
			isa = XCBuildConfiguration;
			buildSettings = {
				ALWAYS_SEARCH_USER_PATHS = NO;
				CLANG_ANALYZER_NONNULL = YES;
				CLANG_CXX_LANGUAGE_STANDARD = "gnu++0x";
				CLANG_CXX_LIBRARY = "libc++";
				CLANG_ENABLE_MODULES = YES;
				CLANG_ENABLE_OBJC_ARC = YES;
				CLANG_WARN_BOOL_CONVERSION = YES;
				CLANG_WARN_CONSTANT_CONVERSION = YES;
				CLANG_WARN_DIRECT_OBJC_ISA_USAGE = YES_ERROR;
				CLANG_WARN_EMPTY_BODY = YES;
				CLANG_WARN_ENUM_CONVERSION = YES;
				CLANG_WARN_INT_CONVERSION = YES;
				CLANG_WARN_OBJC_ROOT_CLASS = YES_ERROR;
				CLANG_WARN_UNREACHABLE_CODE = YES;
				CLANG_WARN__DUPLICATE_METHOD_MATCH = YES;
				CODE_SIGN_IDENTITY = "-";
				COPY_PHASE_STRIP = NO;
				DEBUG_INFORMATION_FORMAT = dwarf;
				ENABLE_STRICT_OBJC_MSGSEND = YES;
				ENABLE_TESTABILITY = YES;
				GCC_C_LANGUAGE_STANDARD = gnu99;
				GCC_DYNAMIC_NO_PIC = NO;
				GCC_NO_COMMON_BLOCKS = YES;
				GCC_OPTIMIZATION_LEVEL = 0;
				GCC_PREPROCESSOR_DEFINITIONS = (
					"DEBUG=1",
					"$(inherited)",
				);
				GCC_WARN_64_TO_32_BIT_CONVERSION = YES;
				GCC_WARN_ABOUT_RETURN_TYPE = YES_ERROR;
				GCC_WARN_UNDECLARED_SELECTOR = YES;
				GCC_WARN_UNINITIALIZED_AUTOS = YES_AGGRESSIVE;
				GCC_WARN_UNUSED_FUNCTION = YES;
				GCC_WARN_UNUSED_VARIABLE = YES;
				MACOSX_DEPLOYMENT_TARGET = 10.11;
				MTL_ENABLE_DEBUG_INFO = YES;
				ONLY_ACTIVE_ARCH = YES;
				SDKROOT = macosx;
			};
			name = Debug;
		};
		5FF797461CC4C7C100E59206 /* Release */ = {
			isa = XCBuildConfiguration;
			buildSettings = {
				ALWAYS_SEARCH_USER_PATHS = NO;
				CLANG_ANALYZER_NONNULL = YES;
				CLANG_CXX_LANGUAGE_STANDARD = "gnu++0x";
				CLANG_CXX_LIBRARY = "libc++";
				CLANG_ENABLE_MODULES = YES;
				CLANG_ENABLE_OBJC_ARC = YES;
				CLANG_WARN_BOOL_CONVERSION = YES;
				CLANG_WARN_CONSTANT_CONVERSION = YES;
				CLANG_WARN_DIRECT_OBJC_ISA_USAGE = YES_ERROR;
				CLANG_WARN_EMPTY_BODY = YES;
				CLANG_WARN_ENUM_CONVERSION = YES;
				CLANG_WARN_INT_CONVERSION = YES;
				CLANG_WARN_OBJC_ROOT_CLASS = YES_ERROR;
				CLANG_WARN_UNREACHABLE_CODE = YES;
				CLANG_WARN__DUPLICATE_METHOD_MATCH = YES;
				CODE_SIGN_IDENTITY = "-";
				COPY_PHASE_STRIP = NO;
				DEBUG_INFORMATION_FORMAT = "dwarf-with-dsym";
				ENABLE_NS_ASSERTIONS = NO;
				ENABLE_STRICT_OBJC_MSGSEND = YES;
				GCC_C_LANGUAGE_STANDARD = gnu99;
				GCC_NO_COMMON_BLOCKS = YES;
				GCC_WARN_64_TO_32_BIT_CONVERSION = YES;
				GCC_WARN_ABOUT_RETURN_TYPE = YES_ERROR;
				GCC_WARN_UNDECLARED_SELECTOR = YES;
				GCC_WARN_UNINITIALIZED_AUTOS = YES_AGGRESSIVE;
				GCC_WARN_UNUSED_FUNCTION = YES;
				GCC_WARN_UNUSED_VARIABLE = YES;
				MACOSX_DEPLOYMENT_TARGET = 10.11;
				MTL_ENABLE_DEBUG_INFO = NO;
				SDKROOT = macosx;
			};
			name = Release;
		};
		5FF797481CC4C7C100E59206 /* Debug */ = {
			isa = XCBuildConfiguration;
			buildSettings = {
				HEADER_SEARCH_PATHS = (
					/opt/X11/lib/,
					/opt/X11/include,
					X11,
				);
				OTHER_CPLUSPLUSFLAGS = "$(OTHER_CFLAGS)";
				OTHER_LDFLAGS = (
					"-I/usr/X11R6/include",
					"-L/usr/X11R6/lib",
					"-lX11",
				);
				PRODUCT_NAME = "$(TARGET_NAME)";
			};
			name = Debug;
		};
		5FF797491CC4C7C100E59206 /* Release */ = {
			isa = XCBuildConfiguration;
			buildSettings = {
				HEADER_SEARCH_PATHS = (
					/opt/X11/lib/,
					/opt/X11/include,
					X11,
				);
				OTHER_CPLUSPLUSFLAGS = "$(OTHER_CFLAGS)";
				OTHER_LDFLAGS = (
					"-I/usr/X11R6/include",
					"-L/usr/X11R6/lib",
					"-lX11",
				);
				PRODUCT_NAME = "$(TARGET_NAME)";
			};
			name = Release;
		};
/* End XCBuildConfiguration section */

/* Begin XCConfigurationList section */
		5FF7973B1CC4C7C100E59206 /* Build configuration list for PBXProject "Graphical" */ = {
			isa = XCConfigurationList;
			buildConfigurations = (
				5FF797451CC4C7C100E59206 /* Debug */,
				5FF797461CC4C7C100E59206 /* Release */,
			);
			defaultConfigurationIsVisible = 0;
			defaultConfigurationName = Release;
		};
		5FF797471CC4C7C100E59206 /* Build configuration list for PBXNativeTarget "Graphical" */ = {
			isa = XCConfigurationList;
			buildConfigurations = (
				5FF797481CC4C7C100E59206 /* Debug */,
				5FF797491CC4C7C100E59206 /* Release */,
			);
			defaultConfigurationIsVisible = 0;
		};
/* End XCConfigurationList section */
	};
	rootObject = 5FF797381CC4C7C100E59206 /* Project object */;
}
